// !$*UTF8*$!
{
	archiveVersion = 1;
	classes = {
	};
	objectVersion = 48;
	objects = {

/* Begin PBXBuildFile section */
		961E094C204FF4470025E882 /* AppDelegate.swift in Sources */ = {isa = PBXBuildFile; fileRef = 961E094B204FF4470025E882 /* AppDelegate.swift */; };
		961E094E204FF4470025E882 /* ViewController.swift in Sources */ = {isa = PBXBuildFile; fileRef = 961E094D204FF4470025E882 /* ViewController.swift */; };
		961E0951204FF4470025E882 /* Main.storyboard in Resources */ = {isa = PBXBuildFile; fileRef = 961E094F204FF4470025E882 /* Main.storyboard */; };
		961E0953204FF4470025E882 /* Assets.xcassets in Resources */ = {isa = PBXBuildFile; fileRef = 961E0952204FF4470025E882 /* Assets.xcassets */; };
		961E0956204FF4470025E882 /* LaunchScreen.storyboard in Resources */ = {isa = PBXBuildFile; fileRef = 961E0954204FF4470025E882 /* LaunchScreen.storyboard */; };
		961E0961204FF4470025E882 /* CountTests.swift in Sources */ = {isa = PBXBuildFile; fileRef = 961E0960204FF4470025E882 /* CountTests.swift */; };
		961E096C204FF4470025E882 /* CountUITests.swift in Sources */ = {isa = PBXBuildFile; fileRef = 961E096B204FF4470025E882 /* CountUITests.swift */; };
		961E097A204FF51A0025E882 /* ぴ.jpg in Resources */ = {isa = PBXBuildFile; fileRef = 961E0979204FF51A0025E882 /* ぴ.jpg */; };
/* End PBXBuildFile section */

/* Begin PBXContainerItemProxy section */
		961E095D204FF4470025E882 /* PBXContainerItemProxy */ = {
			isa = PBXContainerItemProxy;
			containerPortal = 961E0940204FF4470025E882 /* Project object */;
			proxyType = 1;
			remoteGlobalIDString = 961E0947204FF4470025E882;
			remoteInfo = Count;
		};
		961E0968204FF4470025E882 /* PBXContainerItemProxy */ = {
			isa = PBXContainerItemProxy;
			containerPortal = 961E0940204FF4470025E882 /* Project object */;
			proxyType = 1;
			remoteGlobalIDString = 961E0947204FF4470025E882;
			remoteInfo = Count;
		};
/* End PBXContainerItemProxy section */

/* Begin PBXFileReference section */
		961E0948204FF4470025E882 /* Count.app */ = {isa = PBXFileReference; explicitFileType = wrapper.application; includeInIndex = 0; path = Count.app; sourceTree = BUILT_PRODUCTS_DIR; };
		961E094B204FF4470025E882 /* AppDelegate.swift */ = {isa = PBXFileReference; lastKnownFileType = sourcecode.swift; path = AppDelegate.swift; sourceTree = "<group>"; };
		961E094D204FF4470025E882 /* ViewController.swift */ = {isa = PBXFileReference; lastKnownFileType = sourcecode.swift; path = ViewController.swift; sourceTree = "<group>"; };
		961E0950204FF4470025E882 /* Base */ = {isa = PBXFileReference; lastKnownFileType = file.storyboard; name = Base; path = Base.lproj/Main.storyboard; sourceTree = "<group>"; };
		961E0952204FF4470025E882 /* Assets.xcassets */ = {isa = PBXFileReference; lastKnownFileType = folder.assetcatalog; path = Assets.xcassets; sourceTree = "<group>"; };
		961E0955204FF4470025E882 /* Base */ = {isa = PBXFileReference; lastKnownFileType = file.storyboard; name = Base; path = Base.lproj/LaunchScreen.storyboard; sourceTree = "<group>"; };
		961E0957204FF4470025E882 /* Info.plist */ = {isa = PBXFileReference; lastKnownFileType = text.plist.xml; path = Info.plist; sourceTree = "<group>"; };
		961E095C204FF4470025E882 /* CountTests.xctest */ = {isa = PBXFileReference; explicitFileType = wrapper.cfbundle; includeInIndex = 0; path = CountTests.xctest; sourceTree = BUILT_PRODUCTS_DIR; };
		961E0960204FF4470025E882 /* CountTests.swift */ = {isa = PBXFileReference; lastKnownFileType = sourcecode.swift; path = CountTests.swift; sourceTree = "<group>"; };
		961E0962204FF4470025E882 /* Info.plist */ = {isa = PBXFileReference; lastKnownFileType = text.plist.xml; path = Info.plist; sourceTree = "<group>"; };
		961E0967204FF4470025E882 /* CountUITests.xctest */ = {isa = PBXFileReference; explicitFileType = wrapper.cfbundle; includeInIndex = 0; path = CountUITests.xctest; sourceTree = BUILT_PRODUCTS_DIR; };
		961E096B204FF4470025E882 /* CountUITests.swift */ = {isa = PBXFileReference; lastKnownFileType = sourcecode.swift; path = CountUITests.swift; sourceTree = "<group>"; };
		961E096D204FF4470025E882 /* Info.plist */ = {isa = PBXFileReference; lastKnownFileType = text.plist.xml; path = Info.plist; sourceTree = "<group>"; };
		961E0979204FF51A0025E882 /* ぴ.jpg */ = {isa = PBXFileReference; lastKnownFileType = image.jpeg; name = "ぴ.jpg"; path = "../../../Downloads/ぴ.jpg"; sourceTree = "<group>"; };
/* End PBXFileReference section */

/* Begin PBXFrameworksBuildPhase section */
		961E0945204FF4470025E882 /* Frameworks */ = {
			isa = PBXFrameworksBuildPhase;
			buildActionMask = 2147483647;
			files = (
			);
			runOnlyForDeploymentPostprocessing = 0;
		};
		961E0959204FF4470025E882 /* Frameworks */ = {
			isa = PBXFrameworksBuildPhase;
			buildActionMask = 2147483647;
			files = (
			);
			runOnlyForDeploymentPostprocessing = 0;
		};
		961E0964204FF4470025E882 /* Frameworks */ = {
			isa = PBXFrameworksBuildPhase;
			buildActionMask = 2147483647;
			files = (
			);
			runOnlyForDeploymentPostprocessing = 0;
		};
/* End PBXFrameworksBuildPhase section */

/* Begin PBXGroup section */
		961E093F204FF4470025E882 = {
			isa = PBXGroup;
			children = (
				961E094A204FF4470025E882 /* Count */,
				961E095F204FF4470025E882 /* CountTests */,
				961E096A204FF4470025E882 /* CountUITests */,
				961E0949204FF4470025E882 /* Products */,
			);
			sourceTree = "<group>";
		};
		961E0949204FF4470025E882 /* Products */ = {
			isa = PBXGroup;
			children = (
				961E0948204FF4470025E882 /* Count.app */,
				961E095C204FF4470025E882 /* CountTests.xctest */,
				961E0967204FF4470025E882 /* CountUITests.xctest */,
			);
			name = Products;
			sourceTree = "<group>";
		};
		961E094A204FF4470025E882 /* Count */ = {
			isa = PBXGroup;
			children = (
				961E0979204FF51A0025E882 /* ぴ.jpg */,
				961E094B204FF4470025E882 /* AppDelegate.swift */,
				961E094D204FF4470025E882 /* ViewController.swift */,
				961E094F204FF4470025E882 /* Main.storyboard */,
				961E0952204FF4470025E882 /* Assets.xcassets */,
				961E0954204FF4470025E882 /* LaunchScreen.storyboard */,
				961E0957204FF4470025E882 /* Info.plist */,
			);
			path = Count;
			sourceTree = "<group>";
		};
		961E095F204FF4470025E882 /* CountTests */ = {
			isa = PBXGroup;
			children = (
				961E0960204FF4470025E882 /* CountTests.swift */,
				961E0962204FF4470025E882 /* Info.plist */,
			);
			path = CountTests;
			sourceTree = "<group>";
		};
		961E096A204FF4470025E882 /* CountUITests */ = {
			isa = PBXGroup;
			children = (
				961E096B204FF4470025E882 /* CountUITests.swift */,
				961E096D204FF4470025E882 /* Info.plist */,
			);
			path = CountUITests;
			sourceTree = "<group>";
		};
/* End PBXGroup section */

/* Begin PBXNativeTarget section */
		961E0947204FF4470025E882 /* Count */ = {
			isa = PBXNativeTarget;
			buildConfigurationList = 961E0970204FF4470025E882 /* Build configuration list for PBXNativeTarget "Count" */;
			buildPhases = (
				961E0944204FF4470025E882 /* Sources */,
				961E0945204FF4470025E882 /* Frameworks */,
				961E0946204FF4470025E882 /* Resources */,
			);
			buildRules = (
			);
			dependencies = (
			);
			name = Count;
			productName = Count;
			productReference = 961E0948204FF4470025E882 /* Count.app */;
			productType = "com.apple.product-type.application";
		};
		961E095B204FF4470025E882 /* CountTests */ = {
			isa = PBXNativeTarget;
			buildConfigurationList = 961E0973204FF4470025E882 /* Build configuration list for PBXNativeTarget "CountTests" */;
			buildPhases = (
				961E0958204FF4470025E882 /* Sources */,
				961E0959204FF4470025E882 /* Frameworks */,
				961E095A204FF4470025E882 /* Resources */,
			);
			buildRules = (
			);
			dependencies = (
				961E095E204FF4470025E882 /* PBXTargetDependency */,
			);
			name = CountTests;
			productName = CountTests;
			productReference = 961E095C204FF4470025E882 /* CountTests.xctest */;
			productType = "com.apple.product-type.bundle.unit-test";
		};
		961E0966204FF4470025E882 /* CountUITests */ = {
			isa = PBXNativeTarget;
			buildConfigurationList = 961E0976204FF4470025E882 /* Build configuration list for PBXNativeTarget "CountUITests" */;
			buildPhases = (
				961E0963204FF4470025E882 /* Sources */,
				961E0964204FF4470025E882 /* Frameworks */,
				961E0965204FF4470025E882 /* Resources */,
			);
			buildRules = (
			);
			dependencies = (
				961E0969204FF4470025E882 /* PBXTargetDependency */,
			);
			name = CountUITests;
			productName = CountUITests;
			productReference = 961E0967204FF4470025E882 /* CountUITests.xctest */;
			productType = "com.apple.product-type.bundle.ui-testing";
		};
/* End PBXNativeTarget section */

/* Begin PBXProject section */
		961E0940204FF4470025E882 /* Project object */ = {
			isa = PBXProject;
			attributes = {
				LastSwiftUpdateCheck = 0920;
				LastUpgradeCheck = 0920;
				ORGANIZATIONNAME = "Life is tech";
				TargetAttributes = {
					961E0947204FF4470025E882 = {
						CreatedOnToolsVersion = 9.2;
						ProvisioningStyle = Automatic;
					};
					961E095B204FF4470025E882 = {
						CreatedOnToolsVersion = 9.2;
						ProvisioningStyle = Automatic;
						TestTargetID = 961E0947204FF4470025E882;
					};
					961E0966204FF4470025E882 = {
						CreatedOnToolsVersion = 9.2;
						ProvisioningStyle = Automatic;
						TestTargetID = 961E0947204FF4470025E882;
					};
				};
			};
			buildConfigurationList = 961E0943204FF4470025E882 /* Build configuration list for PBXProject "Count" */;
			compatibilityVersion = "Xcode 8.0";
			developmentRegion = en;
			hasScannedForEncodings = 0;
			knownRegions = (
				en,
				Base,
			);
			mainGroup = 961E093F204FF4470025E882;
			productRefGroup = 961E0949204FF4470025E882 /* Products */;
			projectDirPath = "";
			projectRoot = "";
			targets = (
				961E0947204FF4470025E882 /* Count */,
				961E095B204FF4470025E882 /* CountTests */,
				961E0966204FF4470025E882 /* CountUITests */,
			);
		};
/* End PBXProject section */

/* Begin PBXResourcesBuildPhase section */
		961E0946204FF4470025E882 /* Resources */ = {
			isa = PBXResourcesBuildPhase;
			buildActionMask = 2147483647;
			files = (
				961E0956204FF4470025E882 /* LaunchScreen.storyboard in Resources */,
				961E097A204FF51A0025E882 /* ぴ.jpg in Resources */,
				961E0953204FF4470025E882 /* Assets.xcassets in Resources */,
				961E0951204FF4470025E882 /* Main.storyboard in Resources */,
			);
			runOnlyForDeploymentPostprocessing = 0;
		};
		961E095A204FF4470025E882 /* Resources */ = {
			isa = PBXResourcesBuildPhase;
			buildActionMask = 2147483647;
			files = (
			);
			runOnlyForDeploymentPostprocessing = 0;
		};
		961E0965204FF4470025E882 /* Resources */ = {
			isa = PBXResourcesBuildPhase;
			buildActionMask = 2147483647;
			files = (
			);
			runOnlyForDeploymentPostprocessing = 0;
		};
/* End PBXResourcesBuildPhase section */

/* Begin PBXSourcesBuildPhase section */
		961E0944204FF4470025E882 /* Sources */ = {
			isa = PBXSourcesBuildPhase;
			buildActionMask = 2147483647;
			files = (
				961E094E204FF4470025E882 /* ViewController.swift in Sources */,
				961E094C204FF4470025E882 /* AppDelegate.swift in Sources */,
			);
			runOnlyForDeploymentPostprocessing = 0;
		};
		961E0958204FF4470025E882 /* Sources */ = {
			isa = PBXSourcesBuildPhase;
			buildActionMask = 2147483647;
			files = (
				961E0961204FF4470025E882 /* CountTests.swift in Sources */,
			);
			runOnlyForDeploymentPostprocessing = 0;
		};
		961E0963204FF4470025E882 /* Sources */ = {
			isa = PBXSourcesBuildPhase;
			buildActionMask = 2147483647;
			files = (
				961E096C204FF4470025E882 /* CountUITests.swift in Sources */,
			);
			runOnlyForDeploymentPostprocessing = 0;
		};
/* End PBXSourcesBuildPhase section */

/* Begin PBXTargetDependency section */
		961E095E204FF4470025E882 /* PBXTargetDependency */ = {
			isa = PBXTargetDependency;
			target = 961E0947204FF4470025E882 /* Count */;
			targetProxy = 961E095D204FF4470025E882 /* PBXContainerItemProxy */;
		};
		961E0969204FF4470025E882 /* PBXTargetDependency */ = {
			isa = PBXTargetDependency;
			target = 961E0947204FF4470025E882 /* Count */;
			targetProxy = 961E0968204FF4470025E882 /* PBXContainerItemProxy */;
		};
/* End PBXTargetDependency section */

/* Begin PBXVariantGroup section */
		961E094F204FF4470025E882 /* Main.storyboard */ = {
			isa = PBXVariantGroup;
			children = (
				961E0950204FF4470025E882 /* Base */,
			);
			name = Main.storyboard;
			sourceTree = "<group>";
		};
		961E0954204FF4470025E882 /* LaunchScreen.storyboard */ = {
			isa = PBXVariantGroup;
			children = (
				961E0955204FF4470025E882 /* Base */,
			);
			name = LaunchScreen.storyboard;
			sourceTree = "<group>";
		};
/* End PBXVariantGroup section */

/* Begin XCBuildConfiguration section */
		961E096E204FF4470025E882 /* Debug */ = {
			isa = XCBuildConfiguration;
			buildSettings = {
				ALWAYS_SEARCH_USER_PATHS = NO;
				CLANG_ANALYZER_NONNULL = YES;
				CLANG_ANALYZER_NUMBER_OBJECT_CONVERSION = YES_AGGRESSIVE;
				CLANG_CXX_LANGUAGE_STANDARD = "gnu++14";
				CLANG_CXX_LIBRARY = "libc++";
				CLANG_ENABLE_MODULES = YES;
				CLANG_ENABLE_OBJC_ARC = YES;
				CLANG_WARN_BLOCK_CAPTURE_AUTORELEASING = YES;
				CLANG_WARN_BOOL_CONVERSION = YES;
				CLANG_WARN_COMMA = YES;
				CLANG_WARN_CONSTANT_CONVERSION = YES;
				CLANG_WARN_DIRECT_OBJC_ISA_USAGE = YES_ERROR;
				CLANG_WARN_DOCUMENTATION_COMMENTS = YES;
				CLANG_WARN_EMPTY_BODY = YES;
				CLANG_WARN_ENUM_CONVERSION = YES;
				CLANG_WARN_INFINITE_RECURSION = YES;
				CLANG_WARN_INT_CONVERSION = YES;
				CLANG_WARN_NON_LITERAL_NULL_CONVERSION = YES;
				CLANG_WARN_OBJC_LITERAL_CONVERSION = YES;
				CLANG_WARN_OBJC_ROOT_CLASS = YES_ERROR;
				CLANG_WARN_RANGE_LOOP_ANALYSIS = YES;
				CLANG_WARN_STRICT_PROTOTYPES = YES;
				CLANG_WARN_SUSPICIOUS_MOVE = YES;
				CLANG_WARN_UNGUARDED_AVAILABILITY = YES_AGGRESSIVE;
				CLANG_WARN_UNREACHABLE_CODE = YES;
				CLANG_WARN__DUPLICATE_METHOD_MATCH = YES;
				CODE_SIGN_IDENTITY = "iPhone Developer";
				COPY_PHASE_STRIP = NO;
				DEBUG_INFORMATION_FORMAT = dwarf;
				ENABLE_STRICT_OBJC_MSGSEND = YES;
				ENABLE_TESTABILITY = YES;
				GCC_C_LANGUAGE_STANDARD = gnu11;
				GCC_DYNAMIC_NO_PIC = NO;
				GCC_NO_COMMON_BLOCKS = YES;
				GCC_OPTIMIZATION_LEVEL = 0;
				GCC_PREPROCESSOR_DEFINITIONS = (
					"DEBUG=1",
					"$(inherited)",
				);
				GCC_WARN_64_TO_32_BIT_CONVERSION = YES;
				GCC_WARN_ABOUT_RETURN_TYPE = YES_ERROR;
				GCC_WARN_UNDECLARED_SELECTOR = YES;
				GCC_WARN_UNINITIALIZED_AUTOS = YES_AGGRESSIVE;
				GCC_WARN_UNUSED_FUNCTION = YES;
				GCC_WARN_UNUSED_VARIABLE = YES;
				IPHONEOS_DEPLOYMENT_TARGET = 11.2;
				MTL_ENABLE_DEBUG_INFO = YES;
				ONLY_ACTIVE_ARCH = YES;
				SDKROOT = iphoneos;
				SWIFT_ACTIVE_COMPILATION_CONDITIONS = DEBUG;
				SWIFT_OPTIMIZATION_LEVEL = "-Onone";
			};
			name = Debug;
		};
		961E096F204FF4470025E882 /* Release */ = {
			isa = XCBuildConfiguration;
			buildSettings = {
				ALWAYS_SEARCH_USER_PATHS = NO;
				CLANG_ANALYZER_NONNULL = YES;
				CLANG_ANALYZER_NUMBER_OBJECT_CONVERSION = YES_AGGRESSIVE;
				CLANG_CXX_LANGUAGE_STANDARD = "gnu++14";
				CLANG_CXX_LIBRARY = "libc++";
				CLANG_ENABLE_MODULES = YES;
				CLANG_ENABLE_OBJC_ARC = YES;
				CLANG_WARN_BLOCK_CAPTURE_AUTORELEASING = YES;
				CLANG_WARN_BOOL_CONVERSION = YES;
				CLANG_WARN_COMMA = YES;
				CLANG_WARN_CONSTANT_CONVERSION = YES;
				CLANG_WARN_DIRECT_OBJC_ISA_USAGE = YES_ERROR;
				CLANG_WARN_DOCUMENTATION_COMMENTS = YES;
				CLANG_WARN_EMPTY_BODY = YES;
				CLANG_WARN_ENUM_CONVERSION = YES;
				CLANG_WARN_INFINITE_RECURSION = YES;
				CLANG_WARN_INT_CONVERSION = YES;
				CLANG_WARN_NON_LITERAL_NULL_CONVERSION = YES;
				CLANG_WARN_OBJC_LITERAL_CONVERSION = YES;
				CLANG_WARN_OBJC_ROOT_CLASS = YES_ERROR;
				CLANG_WARN_RANGE_LOOP_ANALYSIS = YES;
				CLANG_WARN_STRICT_PROTOTYPES = YES;
				CLANG_WARN_SUSPICIOUS_MOVE = YES;
				CLANG_WARN_UNGUARDED_AVAILABILITY = YES_AGGRESSIVE;
				CLANG_WARN_UNREACHABLE_CODE = YES;
				CLANG_WARN__DUPLICATE_METHOD_MATCH = YES;
				CODE_SIGN_IDENTITY = "iPhone Developer";
				COPY_PHASE_STRIP = NO;
				DEBUG_INFORMATION_FORMAT = "dwarf-with-dsym";
				ENABLE_NS_ASSERTIONS = NO;
				ENABLE_STRICT_OBJC_MSGSEND = YES;
				GCC_C_LANGUAGE_STANDARD = gnu11;
				GCC_NO_COMMON_BLOCKS = YES;
				GCC_WARN_64_TO_32_BIT_CONVERSION = YES;
				GCC_WARN_ABOUT_RETURN_TYPE = YES_ERROR;
				GCC_WARN_UNDECLARED_SELECTOR = YES;
				GCC_WARN_UNINITIALIZED_AUTOS = YES_AGGRESSIVE;
				GCC_WARN_UNUSED_FUNCTION = YES;
				GCC_WARN_UNUSED_VARIABLE = YES;
				IPHONEOS_DEPLOYMENT_TARGET = 11.2;
				MTL_ENABLE_DEBUG_INFO = NO;
				SDKROOT = iphoneos;
				SWIFT_OPTIMIZATION_LEVEL = "-Owholemodule";
				VALIDATE_PRODUCT = YES;
			};
			name = Release;
		};
		961E0971204FF4470025E882 /* Debug */ = {
			isa = XCBuildConfiguration;
			buildSettings = {
				ASSETCATALOG_COMPILER_APPICON_NAME = AppIcon;
				CODE_SIGN_STYLE = Automatic;
				INFOPLIST_FILE = Count/Info.plist;
				LD_RUNPATH_SEARCH_PATHS = "$(inherited) @executable_path/Frameworks";
				PRODUCT_BUNDLE_IDENTIFIER = com.litech.Count;
				PRODUCT_NAME = "$(TARGET_NAME)";
				SWIFT_VERSION = 4.0;
				TARGETED_DEVICE_FAMILY = "1,2";
			};
			name = Debug;
		};
		961E0972204FF4470025E882 /* Release */ = {
			isa = XCBuildConfiguration;
			buildSettings = {
				ASSETCATALOG_COMPILER_APPICON_NAME = AppIcon;
				CODE_SIGN_STYLE = Automatic;
				INFOPLIST_FILE = Count/Info.plist;
				LD_RUNPATH_SEARCH_PATHS = "$(inherited) @executable_path/Frameworks";
				PRODUCT_BUNDLE_IDENTIFIER = com.litech.Count;
				PRODUCT_NAME = "$(TARGET_NAME)";
				SWIFT_VERSION = 4.0;
				TARGETED_DEVICE_FAMILY = "1,2";
			};
			name = Release;
		};
		961E0974204FF4470025E882 /* Debug */ = {
			isa = XCBuildConfiguration;
			buildSettings = {
				ALWAYS_EMBED_SWIFT_STANDARD_LIBRARIES = YES;
				BUNDLE_LOADER = "$(TEST_HOST)";
				CODE_SIGN_STYLE = Automatic;
				INFOPLIST_FILE = CountTests/Info.plist;
				LD_RUNPATH_SEARCH_PATHS = "$(inherited) @executable_path/Frameworks @loader_path/Frameworks";
				PRODUCT_BUNDLE_IDENTIFIER = com.litech.CountTests;
				PRODUCT_NAME = "$(TARGET_NAME)";
				SWIFT_VERSION = 4.0;
				TARGETED_DEVICE_FAMILY = "1,2";
				TEST_HOST = "$(BUILT_PRODUCTS_DIR)/Count.app/Count";
			};
			name = Debug;
		};
		961E0975204FF4470025E882 /* Release */ = {
			isa = XCBuildConfiguration;
			buildSettings = {
				ALWAYS_EMBED_SWIFT_STANDARD_LIBRARIES = YES;
				BUNDLE_LOADER = "$(TEST_HOST)";
				CODE_SIGN_STYLE = Automatic;
				INFOPLIST_FILE = CountTests/Info.plist;
				LD_RUNPATH_SEARCH_PATHS = "$(inherited) @executable_path/Frameworks @loader_path/Frameworks";
				PRODUCT_BUNDLE_IDENTIFIER = com.litech.CountTests;
				PRODUCT_NAME = "$(TARGET_NAME)";
				SWIFT_VERSION = 4.0;
				TARGETED_DEVICE_FAMILY = "1,2";
				TEST_HOST = "$(BUILT_PRODUCTS_DIR)/Count.app/Count";
			};
			name = Release;
		};
		961E0977204FF4470025E882 /* Debug */ = {
			isa = XCBuildConfiguration;
			buildSettings = {
				ALWAYS_EMBED_SWIFT_STANDARD_LIBRARIES = YES;
				CODE_SIGN_STYLE = Automatic;
				INFOPLIST_FILE = CountUITests/Info.plist;
				LD_RUNPATH_SEARCH_PATHS = "$(inherited) @executable_path/Frameworks @loader_path/Frameworks";
				PRODUCT_BUNDLE_IDENTIFIER = com.litech.CountUITests;
				PRODUCT_NAME = "$(TARGET_NAME)";
				SWIFT_VERSION = 4.0;
				TARGETED_DEVICE_FAMILY = "1,2";
				TEST_TARGET_NAME = Count;
			};
			name = Debug;
		};
		961E0978204FF4470025E882 /* Release */ = {
			isa = XCBuildConfiguration;
			buildSettings = {
				ALWAYS_EMBED_SWIFT_STANDARD_LIBRARIES = YES;
				CODE_SIGN_STYLE = Automatic;
				INFOPLIST_FILE = CountUITests/Info.plist;
				LD_RUNPATH_SEARCH_PATHS = "$(inherited) @executable_path/Frameworks @loader_path/Frameworks";
				PRODUCT_BUNDLE_IDENTIFIER = com.litech.CountUITests;
				PRODUCT_NAME = "$(TARGET_NAME)";
				SWIFT_VERSION = 4.0;
				TARGETED_DEVICE_FAMILY = "1,2";
				TEST_TARGET_NAME = Count;
			};
			name = Release;
		};
/* End XCBuildConfiguration section */

/* Begin XCConfigurationList section */
		961E0943204FF4470025E882 /* Build configuration list for PBXProject "Count" */ = {
			isa = XCConfigurationList;
			buildConfigurations = (
				961E096E204FF4470025E882 /* Debug */,
				961E096F204FF4470025E882 /* Release */,
			);
			defaultConfigurationIsVisible = 0;
			defaultConfigurationName = Release;
		};
		961E0970204FF4470025E882 /* Build configuration list for PBXNativeTarget "Count" */ = {
			isa = XCConfigurationList;
			buildConfigurations = (
				961E0971204FF4470025E882 /* Debug */,
				961E0972204FF4470025E882 /* Release */,
			);
			defaultConfigurationIsVisible = 0;
			defaultConfigurationName = Release;
		};
		961E0973204FF4470025E882 /* Build configuration list for PBXNativeTarget "CountTests" */ = {
			isa = XCConfigurationList;
			buildConfigurations = (
				961E0974204FF4470025E882 /* Debug */,
				961E0975204FF4470025E882 /* Release */,
			);
			defaultConfigurationIsVisible = 0;
			defaultConfigurationName = Release;
		};
		961E0976204FF4470025E882 /* Build configuration list for PBXNativeTarget "CountUITests" */ = {
			isa = XCConfigurationList;
			buildConfigurations = (
				961E0977204FF4470025E882 /* Debug */,
				961E0978204FF4470025E882 /* Release */,
			);
			defaultConfigurationIsVisible = 0;
			defaultConfigurationName = Release;
		};
/* End XCConfigurationList section */
	};
	rootObject = 961E0940204FF4470025E882 /* Project object */;
}
